// !$*UTF8*$!
{
	archiveVersion = 1;
	classes = {
	};
	objectVersion = 77;
	objects = {

/* Begin PBXContainerItemProxy section */
		E097D8A830061FDC00839BF0 /* PBXContainerItemProxy */ = {
			isa = PBXContainerItemProxy;
			containerPortal = E097D89230061FDA00839BF0 /* Project object */;
			proxyType = 1;
			remoteGlobalIDString = E097D89930061FDA00839BF0;
			remoteInfo = iPhoneGPSBridge;
		};
		E097D8B230061FDC00839BF0 /* PBXContainerItemProxy */ = {
			isa = PBXContainerItemProxy;
			containerPortal = E097D89230061FDA00839BF0 /* Project object */;
			proxyType = 1;
			remoteGlobalIDString = E097D89930061FDA00839BF0;
			remoteInfo = iPhoneGPSBridge;
		};
/* End PBXContainerItemProxy section */

/* Begin PBXFileReference section */
		E097D89A30061FDA00839BF0 /* iPhoneGPSBridge.app */ = {isa = PBXFileReference; explicitFileType = wrapper.application; includeInIndex = 0; path = iPhoneGPSBridge.app; sourceTree = BUILT_PRODUCTS_DIR; };
		E097D8A730061FDC00839BF0 /* iPhoneGPSBridgeTests.xctest */ = {isa = PBXFileReference; explicitFileType = wrapper.cfbundle; includeInIndex = 0; path = iPhoneGPSBridgeTests.xctest; sourceTree = BUILT_PRODUCTS_DIR; };
		E097D8B130061FDC00839BF0 /* iPhoneGPSBridgeUITests.xctest */ = {isa = PBXFileReference; explicitFileType = wrapper.cfbundle; includeInIndex = 0; path = iPhoneGPSBridgeUITests.xctest; sourceTree = BUILT_PRODUCTS_DIR; };
/* End PBXFileReference section */

/* Begin PBXFileSystemSynchronizedBuildFileExceptionSet section */
		E097D8CD3006209300839BF0 /* Exceptions for "iPhoneGPSBridge" folder in "iPhoneGPSBridge" target */ = {
			isa = PBXFileSystemSynchronizedBuildFileExceptionSet;
			membershipExceptions = (
				Info.plist,
			);
			target = E097D89930061FDA00839BF0 /* iPhoneGPSBridge */;
		};
/* End PBXFileSystemSynchronizedBuildFileExceptionSet section */

/* Begin PBXFileSystemSynchronizedRootGroup section */
		E097D89C30061FDA00839BF0 /* iPhoneGPSBridge */ = {
			isa = PBXFileSystemSynchronizedRootGroup;
			exceptions = (
				E097D8CD3006209300839BF0 /* Exceptions for "iPhoneGPSBridge" folder in "iPhoneGPSBridge" target */,
			);
			path = iPhoneGPSBridge;
			sourceTree = "<group>";
		};
		E097D8AA30061FDC00839BF0 /* iPhoneGPSBridgeTests */ = {
			isa = PBXFileSystemSynchronizedRootGroup;
			path = iPhoneGPSBridgeTests;
			sourceTree = "<group>";
		};
		E097D8B430061FDC00839BF0 /* iPhoneGPSBridgeUITests */ = {
			isa = PBXFileSystemSynchronizedRootGroup;
			path = iPhoneGPSBridgeUITests;
			sourceTree = "<group>";
		};
/* End PBXFileSystemSynchronizedRootGroup section */

/* Begin PBXFrameworksBuildPhase section */
		E097D89730061FDA00839BF0 /* Frameworks */ = {
			isa = PBXFrameworksBuildPhase;
			buildActionMask = 2147483647;
			files = (
			);
			runOnlyForDeploymentPostprocessing = 0;
		};
		E097D8A430061FDC00839BF0 /* Frameworks */ = {
			isa = PBXFrameworksBuildPhase;
			buildActionMask = 2147483647;
			files = (
			);
			runOnlyForDeploymentPostprocessing = 0;
		};
		E097D8AE30061FDC00839BF0 /* Frameworks */ = {
			isa = PBXFrameworksBuildPhase;
			buildActionMask = 2147483647;
			files = (
			);
			runOnlyForDeploymentPostprocessing = 0;
		};
/* End PBXFrameworksBuildPhase section */

/* Begin PBXGroup section */
		E097D89130061FDA00839BF0 = {
			isa = PBXGroup;
			children = (
				E097D89C30061FDA00839BF0 /* iPhoneGPSBridge */,
				E097D8AA30061FDC00839BF0 /* iPhoneGPSBridgeTests */,
				E097D8B430061FDC00839BF0 /* iPhoneGPSBridgeUITests */,
				E097D89B30061FDA00839BF0 /* Products */,
			);
			sourceTree = "<group>";
		};
		E097D89B30061FDA00839BF0 /* Products */ = {
			isa = PBXGroup;
			children = (
				E097D89A30061FDA00839BF0 /* iPhoneGPSBridge.app */,
				E097D8A730061FDC00839BF0 /* iPhoneGPSBridgeTests.xctest */,
				E097D8B130061FDC00839BF0 /* iPhoneGPSBridgeUITests.xctest */,
			);
			name = Products;
			sourceTree = "<group>";
		};
/* End PBXGroup section */

/* Begin PBXNativeTarget section */
		E097D89930061FDA00839BF0 /* iPhoneGPSBridge */ = {
			isa = PBXNativeTarget;
			buildConfigurationList = E097D8BB30061FDC00839BF0 /* Build configuration list for PBXNativeTarget "iPhoneGPSBridge" */;
			buildPhases = (
				E097D89630061FDA00839BF0 /* Sources */,
				E097D89730061FDA00839BF0 /* Frameworks */,
				E097D89830061FDA00839BF0 /* Resources */,
			);
			buildRules = (
			);
			dependencies = (
			);
			fileSystemSynchronizedGroups = (
				E097D89C30061FDA00839BF0 /* iPhoneGPSBridge */,
			);
			name = iPhoneGPSBridge;
			packageProductDependencies = (
			);
			productName = iPhoneGPSBridge;
			productReference = E097D89A30061FDA00839BF0 /* iPhoneGPSBridge.app */;
			productType = "com.apple.product-type.application";
		};
		E097D8A630061FDC00839BF0 /* iPhoneGPSBridgeTests */ = {
			isa = PBXNativeTarget;
			buildConfigurationList = E097D8BE30061FDC00839BF0 /* Build configuration list for PBXNativeTarget "iPhoneGPSBridgeTests" */;
			buildPhases = (
				E097D8A330061FDC00839BF0 /* Sources */,
				E097D8A430061FDC00839BF0 /* Frameworks */,
				E097D8A530061FDC00839BF0 /* Resources */,
			);
			buildRules = (
			);
			dependencies = (
				E097D8A930061FDC00839BF0 /* PBXTargetDependency */,
			);
			fileSystemSynchronizedGroups = (
				E097D8AA30061FDC00839BF0 /* iPhoneGPSBridgeTests */,
			);
			name = iPhoneGPSBridgeTests;
			packageProductDependencies = (
			);
			productName = iPhoneGPSBridgeTests;
			productReference = E097D8A730061FDC00839BF0 /* iPhoneGPSBridgeTests.xctest */;
			productType = "com.apple.product-type.bundle.unit-test";
		};
		E097D8B030061FDC00839BF0 /* iPhoneGPSBridgeUITests */ = {
			isa = PBXNativeTarget;
			buildConfigurationList = E097D8C130061FDC00839BF0 /* Build configuration list for PBXNativeTarget "iPhoneGPSBridgeUITests" */;
			buildPhases = (
				E097D8AD30061FDC00839BF0 /* Sources */,
				E097D8AE30061FDC00839BF0 /* Frameworks */,
				E097D8AF30061FDC00839BF0 /* Resources */,
			);
			buildRules = (
			);
			dependencies = (
				E097D8B330061FDC00839BF0 /* PBXTargetDependency */,
			);
			fileSystemSynchronizedGroups = (
				E097D8B430061FDC00839BF0 /* iPhoneGPSBridgeUITests */,
			);
			name = iPhoneGPSBridgeUITests;
			packageProductDependencies = (
			);
			productName = iPhoneGPSBridgeUITests;
			productReference = E097D8B130061FDC00839BF0 /* iPhoneGPSBridgeUITests.xctest */;
			productType = "com.apple.product-type.bundle.ui-testing";
		};
/* End PBXNativeTarget section */

/* Begin PBXProject section */
		E097D89230061FDA00839BF0 /* Project object */ = {
			isa = PBXProject;
			attributes = {
				BuildIndependentTargetsInParallel = 1;
				LastSwiftUpdateCheck = 2660;
				LastUpgradeCheck = 2660;
				TargetAttributes = {
					E097D89930061FDA00839BF0 = {
						CreatedOnToolsVersion = 26.6;
					};
					E097D8A630061FDC00839BF0 = {
						CreatedOnToolsVersion = 26.6;
						TestTargetID = E097D89930061FDA00839BF0;
					};
					E097D8B030061FDC00839BF0 = {
						CreatedOnToolsVersion = 26.6;
						TestTargetID = E097D89930061FDA00839BF0;
					};
				};
			};
			buildConfigurationList = E097D89530061FDA00839BF0 /* Build configuration list for PBXProject "iPhoneGPSBridge" */;
			developmentRegion = en;
			hasScannedForEncodings = 0;
			knownRegions = (
				en,
				Base,
			);
			mainGroup = E097D89130061FDA00839BF0;
			minimizedProjectReferenceProxies = 1;
			preferredProjectObjectVersion = 77;
			productRefGroup = E097D89B30061FDA00839BF0 /* Products */;
			projectDirPath = "";
			projectRoot = "";
			targets = (
				E097D89930061FDA00839BF0 /* iPhoneGPSBridge */,
				E097D8A630061FDC00839BF0 /* iPhoneGPSBridgeTests */,
				E097D8B030061FDC00839BF0 /* iPhoneGPSBridgeUITests */,
			);
		};
/* End PBXProject section */

/* Begin PBXResourcesBuildPhase section */
		E097D89830061FDA00839BF0 /* Resources */ = {
			isa = PBXResourcesBuildPhase;
			buildActionMask = 2147483647;
			files = (
			);
			runOnlyForDeploymentPostprocessing = 0;
		};
		E097D8A530061FDC00839BF0 /* Resources */ = {
			isa = PBXResourcesBuildPhase;
			buildActionMask = 2147483647;
			files = (
			);
			runOnlyForDeploymentPostprocessing = 0;
		};
		E097D8AF30061FDC00839BF0 /* Resources */ = {
			isa = PBXResourcesBuildPhase;
			buildActionMask = 2147483647;
			files = (
			);
			runOnlyForDeploymentPostprocessing = 0;
		};
/* End PBXResourcesBuildPhase section */

/* Begin PBXSourcesBuildPhase section */
		E097D89630061FDA00839BF0 /* Sources */ = {
			isa = PBXSourcesBuildPhase;
			buildActionMask = 2147483647;
			files = (
			);
			runOnlyForDeploymentPostprocessing = 0;
		};
		E097D8A330061FDC00839BF0 /* Sources */ = {
			isa = PBXSourcesBuildPhase;
			buildActionMask = 2147483647;
			files = (
			);
			runOnlyForDeploymentPostprocessing = 0;
		};
		E097D8AD30061FDC00839BF0 /* Sources */ = {
			isa = PBXSourcesBuildPhase;
			buildActionMask = 2147483647;
			files = (
			);
			runOnlyForDeploymentPostprocessing = 0;
		};
/* End PBXSourcesBuildPhase section */

/* Begin PBXTargetDependency section */
		E097D8A930061FDC00839BF0 /* PBXTargetDependency */ = {
			isa = PBXTargetDependency;
			target = E097D89930061FDA00839BF0 /* iPhoneGPSBridge */;
			targetProxy = E097D8A830061FDC00839BF0 /* PBXContainerItemProxy */;
		};
		E097D8B330061FDC00839BF0 /* PBXTargetDependency */ = {
			isa = PBXTargetDependency;
			target = E097D89930061FDA00839BF0 /* iPhoneGPSBridge */;
			targetProxy = E097D8B230061FDC00839BF0 /* PBXContainerItemProxy */;
		};
/* End PBXTargetDependency section */

/* Begin XCBuildConfiguration section */
		E097D8B930061FDC00839BF0 /* Debug */ = {
			isa = XCBuildConfiguration;
			buildSettings = {
				ALWAYS_SEARCH_USER_PATHS = NO;
				ASSETCATALOG_COMPILER_GENERATE_SWIFT_ASSET_SYMBOL_EXTENSIONS = YES;
				CLANG_ANALYZER_NONNULL = YES;
				CLANG_ANALYZER_NUMBER_OBJECT_CONVERSION = YES_AGGRESSIVE;
				CLANG_CXX_LANGUAGE_STANDARD = "gnu++20";
				CLANG_ENABLE_MODULES = YES;
				CLANG_ENABLE_OBJC_ARC = YES;
				CLANG_ENABLE_OBJC_WEAK = YES;
				CLANG_WARN_BLOCK_CAPTURE_AUTORELEASING = YES;
				CLANG_WARN_BOOL_CONVERSION = YES;
				CLANG_WARN_COMMA = YES;
				CLANG_WARN_CONSTANT_CONVERSION = YES;
				CLANG_WARN_DEPRECATED_OBJC_IMPLEMENTATIONS = YES;
				CLANG_WARN_DIRECT_OBJC_ISA_USAGE = YES_ERROR;
				CLANG_WARN_DOCUMENTATION_COMMENTS = YES;
				CLANG_WARN_EMPTY_BODY = YES;
				CLANG_WARN_ENUM_CONVERSION = YES;
				CLANG_WARN_INFINITE_RECURSION = YES;
				CLANG_WARN_INT_CONVERSION = YES;
				CLANG_WARN_NON_LITERAL_NULL_CONVERSION = YES;
				CLANG_WARN_OBJC_IMPLICIT_RETAIN_SELF = YES;
				CLANG_WARN_OBJC_LITERAL_CONVERSION = YES;
				CLANG_WARN_OBJC_ROOT_CLASS = YES_ERROR;
				CLANG_WARN_QUOTED_INCLUDE_IN_FRAMEWORK_HEADER = YES;
				CLANG_WARN_RANGE_LOOP_ANALYSIS = YES;
				CLANG_WARN_STRICT_PROTOTYPES = YES;
				CLANG_WARN_SUSPICIOUS_MOVE = YES;
				CLANG_WARN_UNGUARDED_AVAILABILITY = YES_AGGRESSIVE;
				CLANG_WARN_UNREACHABLE_CODE = YES;
				CLANG_WARN__DUPLICATE_METHOD_MATCH = YES;
				COPY_PHASE_STRIP = NO;
				DEBUG_INFORMATION_FORMAT = dwarf;
				ENABLE_STRICT_OBJC_MSGSEND = YES;
				ENABLE_TESTABILITY = YES;
				ENABLE_USER_SCRIPT_SANDBOXING = YES;
				GCC_C_LANGUAGE_STANDARD = gnu17;
				GCC_DYNAMIC_NO_PIC = NO;
				GCC_NO_COMMON_BLOCKS = YES;
				GCC_OPTIMIZATION_LEVEL = 0;
				GCC_PREPROCESSOR_DEFINITIONS = (
					"DEBUG=1",
					"$(inherited)",
				);
				GCC_WARN_64_TO_32_BIT_CONVERSION = YES;
				GCC_WARN_ABOUT_RETURN_TYPE = YES_ERROR;
				GCC_WARN_UNDECLARED_SELECTOR = YES;
				GCC_WARN_UNINITIALIZED_AUTOS = YES_AGGRESSIVE;
				GCC_WARN_UNUSED_FUNCTION = YES;
				GCC_WARN_UNUSED_VARIABLE = YES;
				IPHONEOS_DEPLOYMENT_TARGET = 26.5;
				LOCALIZATION_PREFERS_STRING_CATALOGS = YES;
				MTL_ENABLE_DEBUG_INFO = INCLUDE_SOURCE;
				MTL_FAST_MATH = YES;
				ONLY_ACTIVE_ARCH = YES;
				SDKROOT = iphoneos;
				SWIFT_ACTIVE_COMPILATION_CONDITIONS = "DEBUG $(inherited)";
				SWIFT_OPTIMIZATION_LEVEL = "-Onone";
			};
			name = Debug;
		};
		E097D8BA30061FDC00839BF0 /* Release */ = {
			isa = XCBuildConfiguration;
			buildSettings = {
				ALWAYS_SEARCH_USER_PATHS = NO;
				ASSETCATALOG_COMPILER_GENERATE_SWIFT_ASSET_SYMBOL_EXTENSIONS = YES;
				CLANG_ANALYZER_NONNULL = YES;
				CLANG_ANALYZER_NUMBER_OBJECT_CONVERSION = YES_AGGRESSIVE;
				CLANG_CXX_LANGUAGE_STANDARD = "gnu++20";
				CLANG_ENABLE_MODULES = YES;
				CLANG_ENABLE_OBJC_ARC = YES;
				CLANG_ENABLE_OBJC_WEAK = YES;
				CLANG_WARN_BLOCK_CAPTURE_AUTORELEASING = YES;
				CLANG_WARN_BOOL_CONVERSION = YES;
				CLANG_WARN_COMMA = YES;
				CLANG_WARN_CONSTANT_CONVERSION = YES;
				CLANG_WARN_DEPRECATED_OBJC_IMPLEMENTATIONS = YES;
				CLANG_WARN_DIRECT_OBJC_ISA_USAGE = YES_ERROR;
				CLANG_WARN_DOCUMENTATION_COMMENTS = YES;
				CLANG_WARN_EMPTY_BODY = YES;
				CLANG_WARN_ENUM_CONVERSION = YES;
				CLANG_WARN_INFINITE_RECURSION = YES;
				CLANG_WARN_INT_CONVERSION = YES;
				CLANG_WARN_NON_LITERAL_NULL_CONVERSION = YES;
				CLANG_WARN_OBJC_IMPLICIT_RETAIN_SELF = YES;
				CLANG_WARN_OBJC_LITERAL_CONVERSION = YES;
				CLANG_WARN_OBJC_ROOT_CLASS = YES_ERROR;
				CLANG_WARN_QUOTED_INCLUDE_IN_FRAMEWORK_HEADER = YES;
				CLANG_WARN_RANGE_LOOP_ANALYSIS = YES;
				CLANG_WARN_STRICT_PROTOTYPES = YES;
				CLANG_WARN_SUSPICIOUS_MOVE = YES;
				CLANG_WARN_UNGUARDED_AVAILABILITY = YES_AGGRESSIVE;
				CLANG_WARN_UNREACHABLE_CODE = YES;
				CLANG_WARN__DUPLICATE_METHOD_MATCH = YES;
				COPY_PHASE_STRIP = NO;
				DEBUG_INFORMATION_FORMAT = "dwarf-with-dsym";
				ENABLE_NS_ASSERTIONS = NO;
				ENABLE_STRICT_OBJC_MSGSEND = YES;
				ENABLE_USER_SCRIPT_SANDBOXING = YES;
				GCC_C_LANGUAGE_STANDARD = gnu17;
				GCC_NO_COMMON_BLOCKS = YES;
				GCC_WARN_64_TO_32_BIT_CONVERSION = YES;
				GCC_WARN_ABOUT_RETURN_TYPE = YES_ERROR;
				GCC_WARN_UNDECLARED_SELECTOR = YES;
				GCC_WARN_UNINITIALIZED_AUTOS = YES_AGGRESSIVE;
				GCC_WARN_UNUSED_FUNCTION = YES;
				GCC_WARN_UNUSED_VARIABLE = YES;
				IPHONEOS_DEPLOYMENT_TARGET = 26.5;
				LOCALIZATION_PREFERS_STRING_CATALOGS = YES;
				MTL_ENABLE_DEBUG_INFO = NO;
				MTL_FAST_MATH = YES;
				SDKROOT = iphoneos;
				SWIFT_COMPILATION_MODE = wholemodule;
				VALIDATE_PRODUCT = YES;
			};
			name = Release;
		};
		E097D8BC30061FDC00839BF0 /* Debug */ = {
			isa = XCBuildConfiguration;
			buildSettings = {
				ASSETCATALOG_COMPILER_APPICON_NAME = AppIcon;
				ASSETCATALOG_COMPILER_GLOBAL_ACCENT_COLOR_NAME = AccentColor;
				CODE_SIGN_IDENTITY = "Apple Development";
				CODE_SIGN_STYLE = Automatic;
				CURRENT_PROJECT_VERSION = 1;
				ENABLE_PREVIEWS = YES;
				GENERATE_INFOPLIST_FILE = YES;
				INFOPLIST_FILE = iPhoneGPSBridge/Info.plist;
				INFOPLIST_KEY_NSLocalNetworkUsageDescription = "Accepts GPS stream connections from your laptop";
				INFOPLIST_KEY_NSLocationAlwaysAndWhenInUseUsageDescription = "Continues streaming your location while GPS Bridge runs in the background.";
				INFOPLIST_KEY_NSLocationWhenInUseUsageDescription = "Streams your location to a connected laptop";
				INFOPLIST_KEY_UIApplicationSceneManifest_Generation = YES;
				INFOPLIST_KEY_UIApplicationSupportsIndirectInputEvents = YES;
				INFOPLIST_KEY_UILaunchScreen_Generation = YES;
				INFOPLIST_KEY_UISupportedInterfaceOrientations_iPad = "UIInterfaceOrientationPortrait UIInterfaceOrientationPortraitUpsideDown UIInterfaceOrientationLandscapeLeft UIInterfaceOrientationLandscapeRight";
				INFOPLIST_KEY_UISupportedInterfaceOrientations_iPhone = "UIInterfaceOrientationPortrait UIInterfaceOrientationLandscapeLeft UIInterfaceOrientationLandscapeRight";
				LD_RUNPATH_SEARCH_PATHS = (
					"$(inherited)",
					"@executable_path/Frameworks",
				);
				MARKETING_VERSION = 1.0;
				PRODUCT_BUNDLE_IDENTIFIER = com.Retsubhtym.net.iPhoneGPSBridge;
				PRODUCT_NAME = "$(TARGET_NAME)";
				PROVISIONING_PROFILE_SPECIFIER = "";
				STRING_CATALOG_GENERATE_SYMBOLS = YES;
				SWIFT_APPROACHABLE_CONCURRENCY = YES;
				SWIFT_DEFAULT_ACTOR_ISOLATION = MainActor;
				SWIFT_EMIT_LOC_STRINGS = YES;
				SWIFT_UPCOMING_FEATURE_MEMBER_IMPORT_VISIBILITY = YES;
				SWIFT_VERSION = 5.0;
				TARGETED_DEVICE_FAMILY = "1,2";
			};
			name = Debug;
		};
		E097D8BD30061FDC00839BF0 /* Release */ = {
			isa = XCBuildConfiguration;
			buildSettings = {
				ASSETCATALOG_COMPILER_APPICON_NAME = AppIcon;
				ASSETCATALOG_COMPILER_GLOBAL_ACCENT_COLOR_NAME = AccentColor;
				CODE_SIGN_IDENTITY = "Apple Development";
				CODE_SIGN_STYLE = Automatic;
				CURRENT_PROJECT_VERSION = 1;
				ENABLE_PREVIEWS = YES;
				GENERATE_INFOPLIST_FILE = YES;
				INFOPLIST_FILE = iPhoneGPSBridge/Info.plist;
				INFOPLIST_KEY_NSLocalNetworkUsageDescription = "Accepts GPS stream connections from your laptop";
				INFOPLIST_KEY_NSLocationAlwaysAndWhenInUseUsageDescription = "Continues streaming your location while GPS Bridge runs in the background.";
				INFOPLIST_KEY_NSLocationWhenInUseUsageDescription = "Streams your location to a connected laptop";
				INFOPLIST_KEY_UIApplicationSceneManifest_Generation = YES;
				INFOPLIST_KEY_UIApplicationSupportsIndirectInputEvents = YES;
				INFOPLIST_KEY_UILaunchScreen_Generation = YES;
				INFOPLIST_KEY_UISupportedInterfaceOrientations_iPad = "UIInterfaceOrientationPortrait UIInterfaceOrientationPortraitUpsideDown UIInterfaceOrientationLandscapeLeft UIInterfaceOrientationLandscapeRight";
				INFOPLIST_KEY_UISupportedInterfaceOrientations_iPhone = "UIInterfaceOrientationPortrait UIInterfaceOrientationLandscapeLeft UIInterfaceOrientationLandscapeRight";
				LD_RUNPATH_SEARCH_PATHS = (
					"$(inherited)",
					"@executable_path/Frameworks",
				);
				MARKETING_VERSION = 1.0;
				PRODUCT_BUNDLE_IDENTIFIER = com.Retsubhtym.net.iPhoneGPSBridge;
				PRODUCT_NAME = "$(TARGET_NAME)";
				PROVISIONING_PROFILE_SPECIFIER = "";
				STRING_CATALOG_GENERATE_SYMBOLS = YES;
				SWIFT_APPROACHABLE_CONCURRENCY = YES;
				SWIFT_DEFAULT_ACTOR_ISOLATION = MainActor;
				SWIFT_EMIT_LOC_STRINGS = YES;
				SWIFT_UPCOMING_FEATURE_MEMBER_IMPORT_VISIBILITY = YES;
				SWIFT_VERSION = 5.0;
				TARGETED_DEVICE_FAMILY = "1,2";
			};
			name = Release;
		};
		E097D8BF30061FDC00839BF0 /* Debug */ = {
			isa = XCBuildConfiguration;
			buildSettings = {
				BUNDLE_LOADER = "$(TEST_HOST)";
				CODE_SIGN_STYLE = Automatic;
				CURRENT_PROJECT_VERSION = 1;
				GENERATE_INFOPLIST_FILE = YES;
				IPHONEOS_DEPLOYMENT_TARGET = 26.5;
				MARKETING_VERSION = 1.0;
				PRODUCT_BUNDLE_IDENTIFIER = com.Retsubhtym.net.iPhoneGPSBridgeTests;
				PRODUCT_NAME = "$(TARGET_NAME)";
				STRING_CATALOG_GENERATE_SYMBOLS = NO;
				SWIFT_APPROACHABLE_CONCURRENCY = YES;
				SWIFT_EMIT_LOC_STRINGS = NO;
				SWIFT_UPCOMING_FEATURE_MEMBER_IMPORT_VISIBILITY = YES;
				SWIFT_VERSION = 5.0;
				TARGETED_DEVICE_FAMILY = "1,2";
				TEST_HOST = "$(BUILT_PRODUCTS_DIR)/iPhoneGPSBridge.app/$(BUNDLE_EXECUTABLE_FOLDER_PATH)/iPhoneGPSBridge";
			};
			name = Debug;
		};
		E097D8C030061FDC00839BF0 /* Release */ = {
			isa = XCBuildConfiguration;
			buildSettings = {
				BUNDLE_LOADER = "$(TEST_HOST)";
				CODE_SIGN_STYLE = Automatic;
				CURRENT_PROJECT_VERSION = 1;
				GENERATE_INFOPLIST_FILE = YES;
				IPHONEOS_DEPLOYMENT_TARGET = 26.5;
				MARKETING_VERSION = 1.0;
				PRODUCT_BUNDLE_IDENTIFIER = com.Retsubhtym.net.iPhoneGPSBridgeTests;
				PRODUCT_NAME = "$(TARGET_NAME)";
				STRING_CATALOG_GENERATE_SYMBOLS = NO;
				SWIFT_APPROACHABLE_CONCURRENCY = YES;
				SWIFT_EMIT_LOC_STRINGS = NO;
				SWIFT_UPCOMING_FEATURE_MEMBER_IMPORT_VISIBILITY = YES;
				SWIFT_VERSION = 5.0;
				TARGETED_DEVICE_FAMILY = "1,2";
				TEST_HOST = "$(BUILT_PRODUCTS_DIR)/iPhoneGPSBridge.app/$(BUNDLE_EXECUTABLE_FOLDER_PATH)/iPhoneGPSBridge";
			};
			name = Release;
		};
		E097D8C230061FDC00839BF0 /* Debug */ = {
			isa = XCBuildConfiguration;
			buildSettings = {
				CODE_SIGN_STYLE = Automatic;
				CURRENT_PROJECT_VERSION = 1;
				GENERATE_INFOPLIST_FILE = YES;
				MARKETING_VERSION = 1.0;
				PRODUCT_BUNDLE_IDENTIFIER = com.Retsubhtym.net.iPhoneGPSBridgeUITests;
				PRODUCT_NAME = "$(TARGET_NAME)";
				STRING_CATALOG_GENERATE_SYMBOLS = NO;
				SWIFT_APPROACHABLE_CONCURRENCY = YES;
				SWIFT_EMIT_LOC_STRINGS = NO;
				SWIFT_UPCOMING_FEATURE_MEMBER_IMPORT_VISIBILITY = YES;
				SWIFT_VERSION = 5.0;
				TARGETED_DEVICE_FAMILY = "1,2";
				TEST_TARGET_NAME = iPhoneGPSBridge;
			};
			name = Debug;
		};
		E097D8C330061FDC00839BF0 /* Release */ = {
			isa = XCBuildConfiguration;
			buildSettings = {
				CODE_SIGN_STYLE = Automatic;
				CURRENT_PROJECT_VERSION = 1;
				GENERATE_INFOPLIST_FILE = YES;
				MARKETING_VERSION = 1.0;
				PRODUCT_BUNDLE_IDENTIFIER = com.Retsubhtym.net.iPhoneGPSBridgeUITests;
				PRODUCT_NAME = "$(TARGET_NAME)";
				STRING_CATALOG_GENERATE_SYMBOLS = NO;
				SWIFT_APPROACHABLE_CONCURRENCY = YES;
				SWIFT_EMIT_LOC_STRINGS = NO;
				SWIFT_UPCOMING_FEATURE_MEMBER_IMPORT_VISIBILITY = YES;
				SWIFT_VERSION = 5.0;
				TARGETED_DEVICE_FAMILY = "1,2";
				TEST_TARGET_NAME = iPhoneGPSBridge;
			};
			name = Release;
		};
/* End XCBuildConfiguration section */

/* Begin XCConfigurationList section */
		E097D89530061FDA00839BF0 /* Build configuration list for PBXProject "iPhoneGPSBridge" */ = {
			isa = XCConfigurationList;
			buildConfigurations = (
				E097D8B930061FDC00839BF0 /* Debug */,
				E097D8BA30061FDC00839BF0 /* Release */,
			);
			defaultConfigurationIsVisible = 0;
			defaultConfigurationName = Release;
		};
		E097D8BB30061FDC00839BF0 /* Build configuration list for PBXNativeTarget "iPhoneGPSBridge" */ = {
			isa = XCConfigurationList;
			buildConfigurations = (
				E097D8BC30061FDC00839BF0 /* Debug */,
				E097D8BD30061FDC00839BF0 /* Release */,
			);
			defaultConfigurationIsVisible = 0;
			defaultConfigurationName = Release;
		};
		E097D8BE30061FDC00839BF0 /* Build configuration list for PBXNativeTarget "iPhoneGPSBridgeTests" */ = {
			isa = XCConfigurationList;
			buildConfigurations = (
				E097D8BF30061FDC00839BF0 /* Debug */,
				E097D8C030061FDC00839BF0 /* Release */,
			);
			defaultConfigurationIsVisible = 0;
			defaultConfigurationName = Release;
		};
		E097D8C130061FDC00839BF0 /* Build configuration list for PBXNativeTarget "iPhoneGPSBridgeUITests" */ = {
			isa = XCConfigurationList;
			buildConfigurations = (
				E097D8C230061FDC00839BF0 /* Debug */,
				E097D8C330061FDC00839BF0 /* Release */,
			);
			defaultConfigurationIsVisible = 0;
			defaultConfigurationName = Release;
		};
/* End XCConfigurationList section */
	};
	rootObject = E097D89230061FDA00839BF0 /* Project object */;
}
